
Microsoft Visual Studio Solution File, Format Version 12.00
# Visual Studio Version 17
VisualStudioVersion = 17.9.34902.65
MinimumVisualStudioVersion = 10.0.40219.1
Project("{9A19103F-16F7-4668-BE54-9A1E7A4F7556}") = "Acef.MVC", "Acef.MVC\Acef.MVC.csproj", "{DDF74DEF-DC8A-4C35-8C3A-91F7E41CB2A9}"
EndProject
Project("{2150E333-8FDC-42A3-9474-1A3956D46DE8}") = "src", "src", "{5FA845A1-843C-4781-B4E3-6A9F09ACC1BF}"
EndProject
Project("{2150E333-8FDC-42A3-9474-1A3956D46DE8}") = "tests", "tests", "{D3C95F08-EDEE-4645-B032-46F9FB28665C}"
EndProject
Project("{FAE04EC0-301F-11D3-BF4B-00C04F79EFBC}") = "Acef.Raisons.API", "Acef.Raisons.API\Acef.Raisons.API.csproj", "{721F38A6-D48E-47C2-8585-A5293304F598}"
EndProject
Project("{FAE04EC0-301F-11D3-BF4B-00C04F79EFBC}") = "Acef.Raisons.ApplicationCore", "Acef.Raisons.ApplicationCore\Acef.Raisons.ApplicationCore.csproj", "{5281CF77-1218-43D4-9916-AF0267D5E0F5}"
EndProject
Project("{FAE04EC0-301F-11D3-BF4B-00C04F79EFBC}") = "Acef.Raisons.Infrastructure", "Acef.Raisons.Infrastructure\Acef.Raisons.Infrastructure.csproj", "{75D609A7-F6D8-45DB-8B30-71C56B19E2EF}"
EndProject
Global
	GlobalSection(SolutionConfigurationPlatforms) = preSolution
		Debug|Any CPU = Debug|Any CPU
		Release|Any CPU = Release|Any CPU
	EndGlobalSection
	GlobalSection(ProjectConfigurationPlatforms) = postSolution
		{DDF74DEF-DC8A-4C35-8C3A-91F7E41CB2A9}.Debug|Any CPU.ActiveCfg = Debug|Any CPU
		{DDF74DEF-DC8A-4C35-8C3A-91F7E41CB2A9}.Debug|Any CPU.Build.0 = Debug|Any CPU
		{DDF74DEF-DC8A-4C35-8C3A-91F7E41CB2A9}.Release|Any CPU.ActiveCfg = Release|Any CPU
		{DDF74DEF-DC8A-4C35-8C3A-91F7E41CB2A9}.Release|Any CPU.Build.0 = Release|Any CPU
		{721F38A6-D48E-47C2-8585-A5293304F598}.Debug|Any CPU.ActiveCfg = Debug|Any CPU
		{721F38A6-D48E-47C2-8585-A5293304F598}.Debug|Any CPU.Build.0 = Debug|Any CPU
		{721F38A6-D48E-47C2-8585-A5293304F598}.Release|Any CPU.ActiveCfg = Release|Any CPU
		{721F38A6-D48E-47C2-8585-A5293304F598}.Release|Any CPU.Build.0 = Release|Any CPU
		{5281CF77-1218-43D4-9916-AF0267D5E0F5}.Debug|Any CPU.ActiveCfg = Debug|Any CPU
		{5281CF77-1218-43D4-9916-AF0267D5E0F5}.Debug|Any CPU.Build.0 = Debug|Any CPU
		{5281CF77-1218-43D4-9916-AF0267D5E0F5}.Release|Any CPU.ActiveCfg = Release|Any CPU
		{5281CF77-1218-43D4-9916-AF0267D5E0F5}.Release|Any CPU.Build.0 = Release|Any CPU
		{75D609A7-F6D8-45DB-8B30-71C56B19E2EF}.Debug|Any CPU.ActiveCfg = Debug|Any CPU
		{75D609A7-F6D8-45DB-8B30-71C56B19E2EF}.Debug|Any CPU.Build.0 = Debug|Any CPU
		{75D609A7-F6D8-45DB-8B30-71C56B19E2EF}.Release|Any CPU.ActiveCfg = Release|Any CPU
		{75D609A7-F6D8-45DB-8B30-71C56B19E2EF}.Release|Any CPU.Build.0 = Release|Any CPU
	EndGlobalSection
	GlobalSection(SolutionProperties) = preSolution
		HideSolutionNode = FALSE
	EndGlobalSection
	GlobalSection(NestedProjects) = preSolution
		{DDF74DEF-DC8A-4C35-8C3A-91F7E41CB2A9} = {5FA845A1-843C-4781-B4E3-6A9F09ACC1BF}
		{721F38A6-D48E-47C2-8585-A5293304F598} = {5FA845A1-843C-4781-B4E3-6A9F09ACC1BF}
		{5281CF77-1218-43D4-9916-AF0267D5E0F5} = {5FA845A1-843C-4781-B4E3-6A9F09ACC1BF}
		{75D609A7-F6D8-45DB-8B30-71C56B19E2EF} = {5FA845A1-843C-4781-B4E3-6A9F09ACC1BF}
	EndGlobalSection
	GlobalSection(ExtensibilityGlobals) = postSolution
		SolutionGuid = {4314C23C-049B-4AB4-8532-51B5B9D1FAD7}
	EndGlobalSection
EndGlobal
